
Microsoft Visual Studio Solution File, Format Version 11.00
# Visual Studio 2010
Project("{FAE04EC0-301F-11D3-BF4B-00C04F79EFBC}") = "HelloWebVerifier.Web", "HelloWebVerifier.Web\HelloWebVerifier.Web.csproj", "{CC1A1F7B-52E0-4771-B827-FF0A3A4B7392}"
EndProject
Global
	GlobalSection(SolutionConfigurationPlatforms) = preSolution
		Debug|Any CPU = Debug|Any CPU
		Release|Any CPU = Release|Any CPU
	EndGlobalSection
	GlobalSection(ProjectConfigurationPlatforms) = postSolution
		{CC1A1F7B-52E0-4771-B827-FF0A3A4B7392}.Debug|Any CPU.ActiveCfg = Debug|Any CPU
		{CC1A1F7B-52E0-4771-B827-FF0A3A4B7392}.Debug|Any CPU.Build.0 = Debug|Any CPU
		{CC1A1F7B-52E0-4771-B827-FF0A3A4B7392}.Release|Any CPU.ActiveCfg = Release|Any CPU
		{CC1A1F7B-52E0-4771-B827-FF0A3A4B7392}.Release|Any CPU.Build.0 = Release|Any CPU
	EndGlobalSection
	GlobalSection(SolutionProperties) = preSolution
		HideSolutionNode = FALSE
	EndGlobalSection
EndGlobal
